
Microsoft Visual Studio Solution File, Format Version 12.00
Project("{FAE04EC0-301F-11D3-BF4B-00C04F79EFBC}") = "BiliBiliComic", "BiliBiliComic\BiliBiliComic.csproj", "{C1709D9D-2263-4D73-925B-F06DBF416302}"
EndProject
Project("{FAE04EC0-301F-11D3-BF4B-00C04F79EFBC}") = "BiliBiliComicTest", "BiliBiliComicTest\BiliBiliComicTest.csproj", "{C4D923E8-D81C-47E7-9A1E-54DAA14A79C1}"
EndProject
Global
	GlobalSection(SolutionConfigurationPlatforms) = preSolution
		Debug|Any CPU = Debug|Any CPU
		Release|Any CPU = Release|Any CPU
	EndGlobalSection
	GlobalSection(ProjectConfigurationPlatforms) = postSolution
		{C1709D9D-2263-4D73-925B-F06DBF416302}.Debug|Any CPU.ActiveCfg = Debug|Any CPU
		{C1709D9D-2263-4D73-925B-F06DBF416302}.Debug|Any CPU.Build.0 = Debug|Any CPU
		{C1709D9D-2263-4D73-925B-F06DBF416302}.Release|Any CPU.ActiveCfg = Release|Any CPU
		{C1709D9D-2263-4D73-925B-F06DBF416302}.Release|Any CPU.Build.0 = Release|Any CPU
		{C4D923E8-D81C-47E7-9A1E-54DAA14A79C1}.Debug|Any CPU.ActiveCfg = Debug|Any CPU
		{C4D923E8-D81C-47E7-9A1E-54DAA14A79C1}.Debug|Any CPU.Build.0 = Debug|Any CPU
		{C4D923E8-D81C-47E7-9A1E-54DAA14A79C1}.Release|Any CPU.ActiveCfg = Release|Any CPU
		{C4D923E8-D81C-47E7-9A1E-54DAA14A79C1}.Release|Any CPU.Build.0 = Release|Any CPU
	EndGlobalSection
EndGlobal
